
Microsoft Visual Studio Solution File, Format Version 12.00
# Visual Studio Version 17
VisualStudioVersion = 17.6.33723.286
MinimumVisualStudioVersion = 10.0.40219.1
Project("{9A19103F-16F7-4668-BE54-9A1E7A4F7556}") = "DockSabbath", "ClientCombo\DockSabbath.csproj", "{4FB0599F-FA82-48EA-902C-41F308C9C740}"
EndProject
Global
	GlobalSection(SolutionConfigurationPlatforms) = preSolution
		Debug|Any CPU = Debug|Any CPU
		Release|Any CPU = Release|Any CPU
	EndGlobalSection
	GlobalSection(ProjectConfigurationPlatforms) = postSolution
		{4FB0599F-FA82-48EA-902C-41F308C9C740}.Debug|Any CPU.ActiveCfg = Debug|Any CPU
		{4FB0599F-FA82-48EA-902C-41F308C9C740}.Debug|Any CPU.Build.0 = Debug|Any CPU
		{4FB0599F-FA82-48EA-902C-41F308C9C740}.Release|Any CPU.ActiveCfg = Release|Any CPU
		{4FB0599F-FA82-48EA-902C-41F308C9C740}.Release|Any CPU.Build.0 = Release|Any CPU
	EndGlobalSection
	GlobalSection(SolutionProperties) = preSolution
		HideSolutionNode = FALSE
	EndGlobalSection
	GlobalSection(ExtensibilityGlobals) = postSolution
		SolutionGuid = {BFCF88D0-0733-4521-958E-D769CD99998F}
	EndGlobalSection
EndGlobal
